// !$*UTF8*$!
{
	archiveVersion = 1;
	classes = {
	};
	objectVersion = 50;
	objects = {

/* Begin PBXBuildFile section */
		C511628E22DA257300E8A2CA /* UIColorExtensions.swift in Sources */ = {isa = PBXBuildFile; fileRef = C511628D22DA257300E8A2CA /* UIColorExtensions.swift */; };
		C53E5A1322C18F950020D6E8 /* Settings.bundle in Resources */ = {isa = PBXBuildFile; fileRef = C53E5A1222C18F950020D6E8 /* Settings.bundle */; };
		C549EC6022D4C73500F29C67 /* MySession.swift in Sources */ = {isa = PBXBuildFile; fileRef = C549EC5F22D4C73500F29C67 /* MySession.swift */; };
		C5BCBF7A22D0EBB300826077 /* MyButton.swift in Sources */ = {isa = PBXBuildFile; fileRef = C5BCBF7922D0EBB300826077 /* MyButton.swift */; };
		C5F285D722B1F7300026F404 /* AppDelegate.swift in Sources */ = {isa = PBXBuildFile; fileRef = C5F285D622B1F7300026F404 /* AppDelegate.swift */; };
		C5F285D922B1F7300026F404 /* ViewController.swift in Sources */ = {isa = PBXBuildFile; fileRef = C5F285D822B1F7300026F404 /* ViewController.swift */; };
		C5F285DC22B1F7300026F404 /* Main.storyboard in Resources */ = {isa = PBXBuildFile; fileRef = C5F285DA22B1F7300026F404 /* Main.storyboard */; };
		C5F285DE22B1F7350026F404 /* Assets.xcassets in Resources */ = {isa = PBXBuildFile; fileRef = C5F285DD22B1F7350026F404 /* Assets.xcassets */; };
		C5F285E122B1F7350026F404 /* LaunchScreen.storyboard in Resources */ = {isa = PBXBuildFile; fileRef = C5F285DF22B1F7350026F404 /* LaunchScreen.storyboard */; };
		C5F285EA22B1FDB10026F404 /* WebKit.framework in Frameworks */ = {isa = PBXBuildFile; fileRef = C5F285E922B1FDB10026F404 /* WebKit.framework */; };
/* End PBXBuildFile section */

/* Begin PBXFileReference section */
		C511628D22DA257300E8A2CA /* UIColorExtensions.swift */ = {isa = PBXFileReference; lastKnownFileType = sourcecode.swift; path = UIColorExtensions.swift; sourceTree = "<group>"; };
		C53E5A1222C18F950020D6E8 /* Settings.bundle */ = {isa = PBXFileReference; lastKnownFileType = "wrapper.plug-in"; path = Settings.bundle; sourceTree = "<group>"; };
		C549EC5F22D4C73500F29C67 /* MySession.swift */ = {isa = PBXFileReference; lastKnownFileType = sourcecode.swift; path = MySession.swift; sourceTree = "<group>"; };
		C5BCBF7922D0EBB300826077 /* MyButton.swift */ = {isa = PBXFileReference; lastKnownFileType = sourcecode.swift; path = MyButton.swift; sourceTree = "<group>"; };
		C5F285D322B1F7300026F404 /* Switch.app */ = {isa = PBXFileReference; explicitFileType = wrapper.application; includeInIndex = 0; path = Switch.app; sourceTree = BUILT_PRODUCTS_DIR; };
		C5F285D622B1F7300026F404 /* AppDelegate.swift */ = {isa = PBXFileReference; lastKnownFileType = sourcecode.swift; path = AppDelegate.swift; sourceTree = "<group>"; };
		C5F285D822B1F7300026F404 /* ViewController.swift */ = {isa = PBXFileReference; lastKnownFileType = sourcecode.swift; path = ViewController.swift; sourceTree = "<group>"; };
		C5F285DB22B1F7300026F404 /* Base */ = {isa = PBXFileReference; lastKnownFileType = file.storyboard; name = Base; path = Base.lproj/Main.storyboard; sourceTree = "<group>"; };
		C5F285DD22B1F7350026F404 /* Assets.xcassets */ = {isa = PBXFileReference; lastKnownFileType = folder.assetcatalog; path = Assets.xcassets; sourceTree = "<group>"; };
		C5F285E022B1F7350026F404 /* Base */ = {isa = PBXFileReference; lastKnownFileType = file.storyboard; name = Base; path = Base.lproj/LaunchScreen.storyboard; sourceTree = "<group>"; };
		C5F285E222B1F7350026F404 /* Info.plist */ = {isa = PBXFileReference; lastKnownFileType = text.plist.xml; path = Info.plist; sourceTree = "<group>"; };
		C5F285E922B1FDB10026F404 /* WebKit.framework */ = {isa = PBXFileReference; lastKnownFileType = wrapper.framework; name = WebKit.framework; path = System/Library/Frameworks/WebKit.framework; sourceTree = SDKROOT; };
/* End PBXFileReference section */

/* Begin PBXFrameworksBuildPhase section */
		C5F285D022B1F7300026F404 /* Frameworks */ = {
			isa = PBXFrameworksBuildPhase;
			buildActionMask = 2147483647;
			files = (
				C5F285EA22B1FDB10026F404 /* WebKit.framework in Frameworks */,
			);
			runOnlyForDeploymentPostprocessing = 0;
		};
/* End PBXFrameworksBuildPhase section */

/* Begin PBXGroup section */
		C5F285CA22B1F7300026F404 = {
			isa = PBXGroup;
			children = (
				C53E5A1222C18F950020D6E8 /* Settings.bundle */,
				C5F285D522B1F7300026F404 /* Switch */,
				C5F285D422B1F7300026F404 /* Products */,
				C5F285E822B1FDB10026F404 /* Frameworks */,
			);
			sourceTree = "<group>";
		};
		C5F285D422B1F7300026F404 /* Products */ = {
			isa = PBXGroup;
			children = (
				C5F285D322B1F7300026F404 /* Switch.app */,
			);
			name = Products;
			sourceTree = "<group>";
		};
		C5F285D522B1F7300026F404 /* Switch */ = {
			isa = PBXGroup;
			children = (
				C5F285D622B1F7300026F404 /* AppDelegate.swift */,
				C511628D22DA257300E8A2CA /* UIColorExtensions.swift */,
				C5F285D822B1F7300026F404 /* ViewController.swift */,
				C5F285DA22B1F7300026F404 /* Main.storyboard */,
				C5BCBF7922D0EBB300826077 /* MyButton.swift */,
				C549EC5F22D4C73500F29C67 /* MySession.swift */,
				C5F285DD22B1F7350026F404 /* Assets.xcassets */,
				C5F285DF22B1F7350026F404 /* LaunchScreen.storyboard */,
				C5F285E222B1F7350026F404 /* Info.plist */,
			);
			path = Switch;
			sourceTree = "<group>";
		};
		C5F285E822B1FDB10026F404 /* Frameworks */ = {
			isa = PBXGroup;
			children = (
				C5F285E922B1FDB10026F404 /* WebKit.framework */,
			);
			name = Frameworks;
			sourceTree = "<group>";
		};
/* End PBXGroup section */

/* Begin PBXNativeTarget section */
		C5F285D222B1F7300026F404 /* Switch */ = {
			isa = PBXNativeTarget;
			buildConfigurationList = C5F285E522B1F7350026F404 /* Build configuration list for PBXNativeTarget "Switch" */;
			buildPhases = (
				C5F285CF22B1F7300026F404 /* Sources */,
				C5F285D022B1F7300026F404 /* Frameworks */,
				C5F285D122B1F7300026F404 /* Resources */,
			);
			buildRules = (
			);
			dependencies = (
			);
			name = Switch;
			productName = Switch;
			productReference = C5F285D322B1F7300026F404 /* Switch.app */;
			productType = "com.apple.product-type.application";
		};
/* End PBXNativeTarget section */

/* Begin PBXProject section */
		C5F285CB22B1F7300026F404 /* Project object */ = {
			isa = PBXProject;
			attributes = {
				LastSwiftUpdateCheck = 1020;
				LastUpgradeCheck = 1020;
				ORGANIZATIONNAME = Shekar;
				TargetAttributes = {
					C5F285D222B1F7300026F404 = {
						CreatedOnToolsVersion = 10.2.1;
					};
				};
			};
			buildConfigurationList = C5F285CE22B1F7300026F404 /* Build configuration list for PBXProject "Switch" */;
			compatibilityVersion = "Xcode 9.3";
			developmentRegion = en;
			hasScannedForEncodings = 0;
			knownRegions = (
				en,
				Base,
			);
			mainGroup = C5F285CA22B1F7300026F404;
			productRefGroup = C5F285D422B1F7300026F404 /* Products */;
			projectDirPath = "";
			projectRoot = "";
			targets = (
				C5F285D222B1F7300026F404 /* Switch */,
			);
		};
/* End PBXProject section */

/* Begin PBXResourcesBuildPhase section */
		C5F285D122B1F7300026F404 /* Resources */ = {
			isa = PBXResourcesBuildPhase;
			buildActionMask = 2147483647;
			files = (
				C53E5A1322C18F950020D6E8 /* Settings.bundle in Resources */,
				C5F285E122B1F7350026F404 /* LaunchScreen.storyboard in Resources */,
				C5F285DE22B1F7350026F404 /* Assets.xcassets in Resources */,
				C5F285DC22B1F7300026F404 /* Main.storyboard in Resources */,
			);
			runOnlyForDeploymentPostprocessing = 0;
		};
/* End PBXResourcesBuildPhase section */

/* Begin PBXSourcesBuildPhase section */
		C5F285CF22B1F7300026F404 /* Sources */ = {
			isa = PBXSourcesBuildPhase;
			buildActionMask = 2147483647;
			files = (
				C549EC6022D4C73500F29C67 /* MySession.swift in Sources */,
				C5F285D922B1F7300026F404 /* ViewController.swift in Sources */,
				C5F285D722B1F7300026F404 /* AppDelegate.swift in Sources */,
				C5BCBF7A22D0EBB300826077 /* MyButton.swift in Sources */,
				C511628E22DA257300E8A2CA /* UIColorExtensions.swift in Sources */,
			);
			runOnlyForDeploymentPostprocessing = 0;
		};
/* End PBXSourcesBuildPhase section */

/* Begin PBXVariantGroup section */
		C5F285DA22B1F7300026F404 /* Main.storyboard */ = {
			isa = PBXVariantGroup;
			children = (
				C5F285DB22B1F7300026F404 /* Base */,
			);
			name = Main.storyboard;
			sourceTree = "<group>";
		};
		C5F285DF22B1F7350026F404 /* LaunchScreen.storyboard */ = {
			isa = PBXVariantGroup;
			children = (
				C5F285E022B1F7350026F404 /* Base */,
			);
			name = LaunchScreen.storyboard;
			sourceTree = "<group>";
		};
/* End PBXVariantGroup section */

/* Begin XCBuildConfiguration section */
		C5F285E322B1F7350026F404 /* Debug */ = {
			isa = XCBuildConfiguration;
			buildSettings = {
				ALWAYS_SEARCH_USER_PATHS = NO;
				CLANG_ANALYZER_NONNULL = YES;
				CLANG_ANALYZER_NUMBER_OBJECT_CONVERSION = YES_AGGRESSIVE;
				CLANG_CXX_LANGUAGE_STANDARD = "gnu++14";
				CLANG_CXX_LIBRARY = "libc++";
				CLANG_ENABLE_MODULES = YES;
				CLANG_ENABLE_OBJC_ARC = YES;
				CLANG_ENABLE_OBJC_WEAK = YES;
				CLANG_WARN_BLOCK_CAPTURE_AUTORELEASING = YES;
				CLANG_WARN_BOOL_CONVERSION = YES;
				CLANG_WARN_COMMA = YES;
				CLANG_WARN_CONSTANT_CONVERSION = YES;
				CLANG_WARN_DEPRECATED_OBJC_IMPLEMENTATIONS = YES;
				CLANG_WARN_DIRECT_OBJC_ISA_USAGE = YES_ERROR;
				CLANG_WARN_DOCUMENTATION_COMMENTS = YES;
				CLANG_WARN_EMPTY_BODY = YES;
				CLANG_WARN_ENUM_CONVERSION = YES;
				CLANG_WARN_INFINITE_RECURSION = YES;
				CLANG_WARN_INT_CONVERSION = YES;
				CLANG_WARN_NON_LITERAL_NULL_CONVERSION = YES;
				CLANG_WARN_OBJC_IMPLICIT_RETAIN_SELF = YES;
				CLANG_WARN_OBJC_LITERAL_CONVERSION = YES;
				CLANG_WARN_OBJC_ROOT_CLASS = YES_ERROR;
				CLANG_WARN_RANGE_LOOP_ANALYSIS = YES;
				CLANG_WARN_STRICT_PROTOTYPES = YES;
				CLANG_WARN_SUSPICIOUS_MOVE = YES;
				CLANG_WARN_UNGUARDED_AVAILABILITY = YES_AGGRESSIVE;
				CLANG_WARN_UNREACHABLE_CODE = YES;
				CLANG_WARN__DUPLICATE_METHOD_MATCH = YES;
				CODE_SIGN_IDENTITY = "iPhone Developer";
				COPY_PHASE_STRIP = NO;
				DEBUG_INFORMATION_FORMAT = dwarf;
				ENABLE_STRICT_OBJC_MSGSEND = YES;
				ENABLE_TESTABILITY = YES;
				GCC_C_LANGUAGE_STANDARD = gnu11;
				GCC_DYNAMIC_NO_PIC = NO;
				GCC_NO_COMMON_BLOCKS = YES;
				GCC_OPTIMIZATION_LEVEL = 0;
				GCC_PREPROCESSOR_DEFINITIONS = (
					"DEBUG=1",
					"$(inherited)",
				);
				GCC_WARN_64_TO_32_BIT_CONVERSION = YES;
				GCC_WARN_ABOUT_RETURN_TYPE = YES_ERROR;
				GCC_WARN_UNDECLARED_SELECTOR = YES;
				GCC_WARN_UNINITIALIZED_AUTOS = YES_AGGRESSIVE;
				GCC_WARN_UNUSED_FUNCTION = YES;
				GCC_WARN_UNUSED_VARIABLE = YES;
				IPHONEOS_DEPLOYMENT_TARGET = 12.2;
				MTL_ENABLE_DEBUG_INFO = INCLUDE_SOURCE;
				MTL_FAST_MATH = YES;
				ONLY_ACTIVE_ARCH = YES;
				SDKROOT = iphoneos;
				SWIFT_ACTIVE_COMPILATION_CONDITIONS = DEBUG;
				SWIFT_OPTIMIZATION_LEVEL = "-Onone";
			};
			name = Debug;
		};
		C5F285E422B1F7350026F404 /* Release */ = {
			isa = XCBuildConfiguration;
			buildSettings = {
				ALWAYS_SEARCH_USER_PATHS = NO;
				CLANG_ANALYZER_NONNULL = YES;
				CLANG_ANALYZER_NUMBER_OBJECT_CONVERSION = YES_AGGRESSIVE;
				CLANG_CXX_LANGUAGE_STANDARD = "gnu++14";
				CLANG_CXX_LIBRARY = "libc++";
				CLANG_ENABLE_MODULES = YES;
				CLANG_ENABLE_OBJC_ARC = YES;
				CLANG_ENABLE_OBJC_WEAK = YES;
				CLANG_WARN_BLOCK_CAPTURE_AUTORELEASING = YES;
				CLANG_WARN_BOOL_CONVERSION = YES;
				CLANG_WARN_COMMA = YES;
				CLANG_WARN_CONSTANT_CONVERSION = YES;
				CLANG_WARN_DEPRECATED_OBJC_IMPLEMENTATIONS = YES;
				CLANG_WARN_DIRECT_OBJC_ISA_USAGE = YES_ERROR;
				CLANG_WARN_DOCUMENTATION_COMMENTS = YES;
				CLANG_WARN_EMPTY_BODY = YES;
				CLANG_WARN_ENUM_CONVERSION = YES;
				CLANG_WARN_INFINITE_RECURSION = YES;
				CLANG_WARN_INT_CONVERSION = YES;
				CLANG_WARN_NON_LITERAL_NULL_CONVERSION = YES;
				CLANG_WARN_OBJC_IMPLICIT_RETAIN_SELF = YES;
				CLANG_WARN_OBJC_LITERAL_CONVERSION = YES;
				CLANG_WARN_OBJC_ROOT_CLASS = YES_ERROR;
				CLANG_WARN_RANGE_LOOP_ANALYSIS = YES;
				CLANG_WARN_STRICT_PROTOTYPES = YES;
				CLANG_WARN_SUSPICIOUS_MOVE = YES;
				CLANG_WARN_UNGUARDED_AVAILABILITY = YES_AGGRESSIVE;
				CLANG_WARN_UNREACHABLE_CODE = YES;
				CLANG_WARN__DUPLICATE_METHOD_MATCH = YES;
				CODE_SIGN_IDENTITY = "iPhone Developer";
				COPY_PHASE_STRIP = NO;
				DEBUG_INFORMATION_FORMAT = "dwarf-with-dsym";
				ENABLE_NS_ASSERTIONS = NO;
				ENABLE_STRICT_OBJC_MSGSEND = YES;
				GCC_C_LANGUAGE_STANDARD = gnu11;
				GCC_NO_COMMON_BLOCKS = YES;
				GCC_WARN_64_TO_32_BIT_CONVERSION = YES;
				GCC_WARN_ABOUT_RETURN_TYPE = YES_ERROR;
				GCC_WARN_UNDECLARED_SELECTOR = YES;
				GCC_WARN_UNINITIALIZED_AUTOS = YES_AGGRESSIVE;
				GCC_WARN_UNUSED_FUNCTION = YES;
				GCC_WARN_UNUSED_VARIABLE = YES;
				IPHONEOS_DEPLOYMENT_TARGET = 12.2;
				MTL_ENABLE_DEBUG_INFO = NO;
				MTL_FAST_MATH = YES;
				SDKROOT = iphoneos;
				SWIFT_COMPILATION_MODE = wholemodule;
				SWIFT_OPTIMIZATION_LEVEL = "-O";
				VALIDATE_PRODUCT = YES;
			};
			name = Release;
		};
		C5F285E622B1F7350026F404 /* Debug */ = {
			isa = XCBuildConfiguration;
			buildSettings = {
				ASSETCATALOG_COMPILER_APPICON_NAME = AppIcon;
				CODE_SIGN_IDENTITY = "iPhone Developer";
				CODE_SIGN_STYLE = Automatic;
				DEVELOPMENT_TEAM = 6TYXA32383;
				INFOPLIST_FILE = Switch/Info.plist;
				IPHONEOS_DEPLOYMENT_TARGET = 12.2;
				LD_RUNPATH_SEARCH_PATHS = (
					"$(inherited)",
					"@executable_path/Frameworks",
				);
				PRODUCT_BUNDLE_IDENTIFIER = raghu.iot.switch;
				PRODUCT_NAME = "$(TARGET_NAME)";
				PROVISIONING_PROFILE_SPECIFIER = "";
				SWIFT_VERSION = 5.0;
				TARGETED_DEVICE_FAMILY = "1,2";
			};
			name = Debug;
		};
		C5F285E722B1F7350026F404 /* Release */ = {
			isa = XCBuildConfiguration;
			buildSettings = {
				ASSETCATALOG_COMPILER_APPICON_NAME = AppIcon;
				CODE_SIGN_IDENTITY = "iPhone Developer";
				CODE_SIGN_STYLE = Automatic;
				DEVELOPMENT_TEAM = 6TYXA32383;
				INFOPLIST_FILE = Switch/Info.plist;
				IPHONEOS_DEPLOYMENT_TARGET = 12.2;
				LD_RUNPATH_SEARCH_PATHS = (
					"$(inherited)",
					"@executable_path/Frameworks",
				);
				PRODUCT_BUNDLE_IDENTIFIER = raghu.iot.switch;
				PRODUCT_NAME = "$(TARGET_NAME)";
				PROVISIONING_PROFILE_SPECIFIER = "";
				SWIFT_VERSION = 5.0;
				TARGETED_DEVICE_FAMILY = "1,2";
			};
			name = Release;
		};
/* End XCBuildConfiguration section */

/* Begin XCConfigurationList section */
		C5F285CE22B1F7300026F404 /* Build configuration list for PBXProject "Switch" */ = {
			isa = XCConfigurationList;
			buildConfigurations = (
				C5F285E322B1F7350026F404 /* Debug */,
				C5F285E422B1F7350026F404 /* Release */,
			);
			defaultConfigurationIsVisible = 0;
			defaultConfigurationName = Release;
		};
		C5F285E522B1F7350026F404 /* Build configuration list for PBXNativeTarget "Switch" */ = {
			isa = XCConfigurationList;
			buildConfigurations = (
				C5F285E622B1F7350026F404 /* Debug */,
				C5F285E722B1F7350026F404 /* Release */,
			);
			defaultConfigurationIsVisible = 0;
			defaultConfigurationName = Release;
		};
/* End XCConfigurationList section */
	};
	rootObject = C5F285CB22B1F7300026F404 /* Project object */;
}
