// !$*UTF8*$!
{
	archiveVersion = 1;
	classes = {
	};
	objectVersion = 50;
	objects = {

/* Begin PBXBuildFile section */
		C51A4CA622EA6F3C006E711B /* WebKit.framework in Frameworks */ = {isa = PBXBuildFile; fileRef = C51A4CA522EA6F3B006E711B /* WebKit.framework */; };
		C51A4CA822EA785B006E711B /* Settings.bundle in Resources */ = {isa = PBXBuildFile; fileRef = C51A4CA722EA785A006E711B /* Settings.bundle */; };
		C5857DF922D75D68006D2662 /* AppDelegate.swift in Sources */ = {isa = PBXBuildFile; fileRef = C5857DF822D75D68006D2662 /* AppDelegate.swift */; };
		C5857DFB22D75D68006D2662 /* ViewController.swift in Sources */ = {isa = PBXBuildFile; fileRef = C5857DFA22D75D68006D2662 /* ViewController.swift */; };
		C5857DFE22D75D68006D2662 /* Main.storyboard in Resources */ = {isa = PBXBuildFile; fileRef = C5857DFC22D75D68006D2662 /* Main.storyboard */; };
		C5857E0122D75D68006D2662 /* Garage_Door_Opener.xcdatamodeld in Sources */ = {isa = PBXBuildFile; fileRef = C5857DFF22D75D68006D2662 /* Garage_Door_Opener.xcdatamodeld */; };
		C5857E0322D75D6E006D2662 /* Assets.xcassets in Resources */ = {isa = PBXBuildFile; fileRef = C5857E0222D75D6E006D2662 /* Assets.xcassets */; };
		C5857E0622D75D6E006D2662 /* LaunchScreen.storyboard in Resources */ = {isa = PBXBuildFile; fileRef = C5857E0422D75D6E006D2662 /* LaunchScreen.storyboard */; };
		C5857E0E22D7EF73006D2662 /* MyButton.swift in Sources */ = {isa = PBXBuildFile; fileRef = C5857E0D22D7EF73006D2662 /* MyButton.swift */; };
		C599160A22EB1C7100B84EB1 /* UIColorExtension.swift in Sources */ = {isa = PBXBuildFile; fileRef = C599160922EB1C7100B84EB1 /* UIColorExtension.swift */; };
/* End PBXBuildFile section */

/* Begin PBXFileReference section */
		C51A4CA522EA6F3B006E711B /* WebKit.framework */ = {isa = PBXFileReference; lastKnownFileType = wrapper.framework; name = WebKit.framework; path = System/Library/Frameworks/WebKit.framework; sourceTree = SDKROOT; };
		C51A4CA722EA785A006E711B /* Settings.bundle */ = {isa = PBXFileReference; lastKnownFileType = "wrapper.plug-in"; path = Settings.bundle; sourceTree = "<group>"; };
		C5857DF522D75D68006D2662 /* Garage Door Opener.app */ = {isa = PBXFileReference; explicitFileType = wrapper.application; includeInIndex = 0; path = "Garage Door Opener.app"; sourceTree = BUILT_PRODUCTS_DIR; };
		C5857DF822D75D68006D2662 /* AppDelegate.swift */ = {isa = PBXFileReference; lastKnownFileType = sourcecode.swift; path = AppDelegate.swift; sourceTree = "<group>"; };
		C5857DFA22D75D68006D2662 /* ViewController.swift */ = {isa = PBXFileReference; lastKnownFileType = sourcecode.swift; path = ViewController.swift; sourceTree = "<group>"; };
		C5857DFD22D75D68006D2662 /* Base */ = {isa = PBXFileReference; lastKnownFileType = file.storyboard; name = Base; path = Base.lproj/Main.storyboard; sourceTree = "<group>"; };
		C5857E0022D75D68006D2662 /* Garage_Door_Opener.xcdatamodel */ = {isa = PBXFileReference; lastKnownFileType = wrapper.xcdatamodel; path = Garage_Door_Opener.xcdatamodel; sourceTree = "<group>"; };
		C5857E0222D75D6E006D2662 /* Assets.xcassets */ = {isa = PBXFileReference; lastKnownFileType = folder.assetcatalog; path = Assets.xcassets; sourceTree = "<group>"; };
		C5857E0522D75D6E006D2662 /* Base */ = {isa = PBXFileReference; lastKnownFileType = file.storyboard; name = Base; path = Base.lproj/LaunchScreen.storyboard; sourceTree = "<group>"; };
		C5857E0722D75D6E006D2662 /* Info.plist */ = {isa = PBXFileReference; lastKnownFileType = text.plist.xml; path = Info.plist; sourceTree = "<group>"; };
		C5857E0D22D7EF73006D2662 /* MyButton.swift */ = {isa = PBXFileReference; lastKnownFileType = sourcecode.swift; path = MyButton.swift; sourceTree = "<group>"; };
		C599160922EB1C7100B84EB1 /* UIColorExtension.swift */ = {isa = PBXFileReference; lastKnownFileType = sourcecode.swift; path = UIColorExtension.swift; sourceTree = "<group>"; };
/* End PBXFileReference section */

/* Begin PBXFrameworksBuildPhase section */
		C5857DF222D75D68006D2662 /* Frameworks */ = {
			isa = PBXFrameworksBuildPhase;
			buildActionMask = 2147483647;
			files = (
				C51A4CA622EA6F3C006E711B /* WebKit.framework in Frameworks */,
			);
			runOnlyForDeploymentPostprocessing = 0;
		};
/* End PBXFrameworksBuildPhase section */

/* Begin PBXGroup section */
		C51A4CA422EA6F3B006E711B /* Frameworks */ = {
			isa = PBXGroup;
			children = (
				C51A4CA522EA6F3B006E711B /* WebKit.framework */,
			);
			name = Frameworks;
			sourceTree = "<group>";
		};
		C5857DEC22D75D68006D2662 = {
			isa = PBXGroup;
			children = (
				C5857DF722D75D68006D2662 /* Garage Door Opener */,
				C5857DF622D75D68006D2662 /* Products */,
				C51A4CA422EA6F3B006E711B /* Frameworks */,
			);
			sourceTree = "<group>";
		};
		C5857DF622D75D68006D2662 /* Products */ = {
			isa = PBXGroup;
			children = (
				C5857DF522D75D68006D2662 /* Garage Door Opener.app */,
			);
			name = Products;
			sourceTree = "<group>";
		};
		C5857DF722D75D68006D2662 /* Garage Door Opener */ = {
			isa = PBXGroup;
			children = (
				C5857DF822D75D68006D2662 /* AppDelegate.swift */,
				C5857DFA22D75D68006D2662 /* ViewController.swift */,
				C51A4CA722EA785A006E711B /* Settings.bundle */,
				C5857DFC22D75D68006D2662 /* Main.storyboard */,
				C5857E0222D75D6E006D2662 /* Assets.xcassets */,
				C5857E0422D75D6E006D2662 /* LaunchScreen.storyboard */,
				C5857E0722D75D6E006D2662 /* Info.plist */,
				C5857DFF22D75D68006D2662 /* Garage_Door_Opener.xcdatamodeld */,
				C5857E0D22D7EF73006D2662 /* MyButton.swift */,
				C599160922EB1C7100B84EB1 /* UIColorExtension.swift */,
			);
			path = "Garage Door Opener";
			sourceTree = "<group>";
		};
/* End PBXGroup section */

/* Begin PBXNativeTarget section */
		C5857DF422D75D68006D2662 /* Garage Door Opener */ = {
			isa = PBXNativeTarget;
			buildConfigurationList = C5857E0A22D75D6E006D2662 /* Build configuration list for PBXNativeTarget "Garage Door Opener" */;
			buildPhases = (
				C5857DF122D75D68006D2662 /* Sources */,
				C5857DF222D75D68006D2662 /* Frameworks */,
				C5857DF322D75D68006D2662 /* Resources */,
			);
			buildRules = (
			);
			dependencies = (
			);
			name = "Garage Door Opener";
			productName = "Garage Door Opener";
			productReference = C5857DF522D75D68006D2662 /* Garage Door Opener.app */;
			productType = "com.apple.product-type.application";
		};
/* End PBXNativeTarget section */

/* Begin PBXProject section */
		C5857DED22D75D68006D2662 /* Project object */ = {
			isa = PBXProject;
			attributes = {
				LastSwiftUpdateCheck = 1020;
				LastUpgradeCheck = 1020;
				ORGANIZATIONNAME = "EshaPathi Inc";
				TargetAttributes = {
					C5857DF422D75D68006D2662 = {
						CreatedOnToolsVersion = 10.2.1;
					};
				};
			};
			buildConfigurationList = C5857DF022D75D68006D2662 /* Build configuration list for PBXProject "Garage Door Opener" */;
			compatibilityVersion = "Xcode 9.3";
			developmentRegion = en;
			hasScannedForEncodings = 0;
			knownRegions = (
				en,
				Base,
			);
			mainGroup = C5857DEC22D75D68006D2662;
			productRefGroup = C5857DF622D75D68006D2662 /* Products */;
			projectDirPath = "";
			projectRoot = "";
			targets = (
				C5857DF422D75D68006D2662 /* Garage Door Opener */,
			);
		};
/* End PBXProject section */

/* Begin PBXResourcesBuildPhase section */
		C5857DF322D75D68006D2662 /* Resources */ = {
			isa = PBXResourcesBuildPhase;
			buildActionMask = 2147483647;
			files = (
				C51A4CA822EA785B006E711B /* Settings.bundle in Resources */,
				C5857E0622D75D6E006D2662 /* LaunchScreen.storyboard in Resources */,
				C5857E0322D75D6E006D2662 /* Assets.xcassets in Resources */,
				C5857DFE22D75D68006D2662 /* Main.storyboard in Resources */,
			);
			runOnlyForDeploymentPostprocessing = 0;
		};
/* End PBXResourcesBuildPhase section */

/* Begin PBXSourcesBuildPhase section */
		C5857DF122D75D68006D2662 /* Sources */ = {
			isa = PBXSourcesBuildPhase;
			buildActionMask = 2147483647;
			files = (
				C5857DFB22D75D68006D2662 /* ViewController.swift in Sources */,
				C5857DF922D75D68006D2662 /* AppDelegate.swift in Sources */,
				C599160A22EB1C7100B84EB1 /* UIColorExtension.swift in Sources */,
				C5857E0122D75D68006D2662 /* Garage_Door_Opener.xcdatamodeld in Sources */,
				C5857E0E22D7EF73006D2662 /* MyButton.swift in Sources */,
			);
			runOnlyForDeploymentPostprocessing = 0;
		};
/* End PBXSourcesBuildPhase section */

/* Begin PBXVariantGroup section */
		C5857DFC22D75D68006D2662 /* Main.storyboard */ = {
			isa = PBXVariantGroup;
			children = (
				C5857DFD22D75D68006D2662 /* Base */,
			);
			name = Main.storyboard;
			sourceTree = "<group>";
		};
		C5857E0422D75D6E006D2662 /* LaunchScreen.storyboard */ = {
			isa = PBXVariantGroup;
			children = (
				C5857E0522D75D6E006D2662 /* Base */,
			);
			name = LaunchScreen.storyboard;
			sourceTree = "<group>";
		};
/* End PBXVariantGroup section */

/* Begin XCBuildConfiguration section */
		C5857E0822D75D6E006D2662 /* Debug */ = {
			isa = XCBuildConfiguration;
			buildSettings = {
				ALWAYS_SEARCH_USER_PATHS = NO;
				CLANG_ANALYZER_NONNULL = YES;
				CLANG_ANALYZER_NUMBER_OBJECT_CONVERSION = YES_AGGRESSIVE;
				CLANG_CXX_LANGUAGE_STANDARD = "gnu++14";
				CLANG_CXX_LIBRARY = "libc++";
				CLANG_ENABLE_MODULES = YES;
				CLANG_ENABLE_OBJC_ARC = YES;
				CLANG_ENABLE_OBJC_WEAK = YES;
				CLANG_WARN_BLOCK_CAPTURE_AUTORELEASING = YES;
				CLANG_WARN_BOOL_CONVERSION = YES;
				CLANG_WARN_COMMA = YES;
				CLANG_WARN_CONSTANT_CONVERSION = YES;
				CLANG_WARN_DEPRECATED_OBJC_IMPLEMENTATIONS = YES;
				CLANG_WARN_DIRECT_OBJC_ISA_USAGE = YES_ERROR;
				CLANG_WARN_DOCUMENTATION_COMMENTS = YES;
				CLANG_WARN_EMPTY_BODY = YES;
				CLANG_WARN_ENUM_CONVERSION = YES;
				CLANG_WARN_INFINITE_RECURSION = YES;
				CLANG_WARN_INT_CONVERSION = YES;
				CLANG_WARN_NON_LITERAL_NULL_CONVERSION = YES;
				CLANG_WARN_OBJC_IMPLICIT_RETAIN_SELF = YES;
				CLANG_WARN_OBJC_LITERAL_CONVERSION = YES;
				CLANG_WARN_OBJC_ROOT_CLASS = YES_ERROR;
				CLANG_WARN_RANGE_LOOP_ANALYSIS = YES;
				CLANG_WARN_STRICT_PROTOTYPES = YES;
				CLANG_WARN_SUSPICIOUS_MOVE = YES;
				CLANG_WARN_UNGUARDED_AVAILABILITY = YES_AGGRESSIVE;
				CLANG_WARN_UNREACHABLE_CODE = YES;
				CLANG_WARN__DUPLICATE_METHOD_MATCH = YES;
				CODE_SIGN_IDENTITY = "iPhone Developer";
				COPY_PHASE_STRIP = NO;
				DEBUG_INFORMATION_FORMAT = dwarf;
				ENABLE_STRICT_OBJC_MSGSEND = YES;
				ENABLE_TESTABILITY = YES;
				GCC_C_LANGUAGE_STANDARD = gnu11;
				GCC_DYNAMIC_NO_PIC = NO;
				GCC_NO_COMMON_BLOCKS = YES;
				GCC_OPTIMIZATION_LEVEL = 0;
				GCC_PREPROCESSOR_DEFINITIONS = (
					"DEBUG=1",
					"$(inherited)",
				);
				GCC_WARN_64_TO_32_BIT_CONVERSION = YES;
				GCC_WARN_ABOUT_RETURN_TYPE = YES_ERROR;
				GCC_WARN_UNDECLARED_SELECTOR = YES;
				GCC_WARN_UNINITIALIZED_AUTOS = YES_AGGRESSIVE;
				GCC_WARN_UNUSED_FUNCTION = YES;
				GCC_WARN_UNUSED_VARIABLE = YES;
				IPHONEOS_DEPLOYMENT_TARGET = 11.1;
				MTL_ENABLE_DEBUG_INFO = INCLUDE_SOURCE;
				MTL_FAST_MATH = YES;
				ONLY_ACTIVE_ARCH = YES;
				SDKROOT = iphoneos;
				SWIFT_ACTIVE_COMPILATION_CONDITIONS = DEBUG;
				SWIFT_OPTIMIZATION_LEVEL = "-Onone";
			};
			name = Debug;
		};
		C5857E0922D75D6E006D2662 /* Release */ = {
			isa = XCBuildConfiguration;
			buildSettings = {
				ALWAYS_SEARCH_USER_PATHS = NO;
				CLANG_ANALYZER_NONNULL = YES;
				CLANG_ANALYZER_NUMBER_OBJECT_CONVERSION = YES_AGGRESSIVE;
				CLANG_CXX_LANGUAGE_STANDARD = "gnu++14";
				CLANG_CXX_LIBRARY = "libc++";
				CLANG_ENABLE_MODULES = YES;
				CLANG_ENABLE_OBJC_ARC = YES;
				CLANG_ENABLE_OBJC_WEAK = YES;
				CLANG_WARN_BLOCK_CAPTURE_AUTORELEASING = YES;
				CLANG_WARN_BOOL_CONVERSION = YES;
				CLANG_WARN_COMMA = YES;
				CLANG_WARN_CONSTANT_CONVERSION = YES;
				CLANG_WARN_DEPRECATED_OBJC_IMPLEMENTATIONS = YES;
				CLANG_WARN_DIRECT_OBJC_ISA_USAGE = YES_ERROR;
				CLANG_WARN_DOCUMENTATION_COMMENTS = YES;
				CLANG_WARN_EMPTY_BODY = YES;
				CLANG_WARN_ENUM_CONVERSION = YES;
				CLANG_WARN_INFINITE_RECURSION = YES;
				CLANG_WARN_INT_CONVERSION = YES;
				CLANG_WARN_NON_LITERAL_NULL_CONVERSION = YES;
				CLANG_WARN_OBJC_IMPLICIT_RETAIN_SELF = YES;
				CLANG_WARN_OBJC_LITERAL_CONVERSION = YES;
				CLANG_WARN_OBJC_ROOT_CLASS = YES_ERROR;
				CLANG_WARN_RANGE_LOOP_ANALYSIS = YES;
				CLANG_WARN_STRICT_PROTOTYPES = YES;
				CLANG_WARN_SUSPICIOUS_MOVE = YES;
				CLANG_WARN_UNGUARDED_AVAILABILITY = YES_AGGRESSIVE;
				CLANG_WARN_UNREACHABLE_CODE = YES;
				CLANG_WARN__DUPLICATE_METHOD_MATCH = YES;
				CODE_SIGN_IDENTITY = "iPhone Developer";
				COPY_PHASE_STRIP = NO;
				DEBUG_INFORMATION_FORMAT = "dwarf-with-dsym";
				ENABLE_NS_ASSERTIONS = NO;
				ENABLE_STRICT_OBJC_MSGSEND = YES;
				GCC_C_LANGUAGE_STANDARD = gnu11;
				GCC_NO_COMMON_BLOCKS = YES;
				GCC_WARN_64_TO_32_BIT_CONVERSION = YES;
				GCC_WARN_ABOUT_RETURN_TYPE = YES_ERROR;
				GCC_WARN_UNDECLARED_SELECTOR = YES;
				GCC_WARN_UNINITIALIZED_AUTOS = YES_AGGRESSIVE;
				GCC_WARN_UNUSED_FUNCTION = YES;
				GCC_WARN_UNUSED_VARIABLE = YES;
				IPHONEOS_DEPLOYMENT_TARGET = 11.1;
				MTL_ENABLE_DEBUG_INFO = NO;
				MTL_FAST_MATH = YES;
				SDKROOT = iphoneos;
				SWIFT_COMPILATION_MODE = wholemodule;
				SWIFT_OPTIMIZATION_LEVEL = "-O";
				VALIDATE_PRODUCT = YES;
			};
			name = Release;
		};
		C5857E0B22D75D6E006D2662 /* Debug */ = {
			isa = XCBuildConfiguration;
			buildSettings = {
				ASSETCATALOG_COMPILER_APPICON_NAME = AppIcon;
				CODE_SIGN_IDENTITY = "iPhone Developer";
				CODE_SIGN_STYLE = Automatic;
				DEVELOPMENT_TEAM = A5575MU559;
				INFOPLIST_FILE = "Garage Door Opener/Info.plist";
				LD_RUNPATH_SEARCH_PATHS = (
					"$(inherited)",
					"@executable_path/Frameworks",
				);
				PRODUCT_BUNDLE_IDENTIFIER = iot.raghu.com;
				PRODUCT_NAME = "$(TARGET_NAME)";
				PROVISIONING_PROFILE_SPECIFIER = "";
				SWIFT_VERSION = 5.0;
				TARGETED_DEVICE_FAMILY = 1;
			};
			name = Debug;
		};
		C5857E0C22D75D6E006D2662 /* Release */ = {
			isa = XCBuildConfiguration;
			buildSettings = {
				ASSETCATALOG_COMPILER_APPICON_NAME = AppIcon;
				CODE_SIGN_IDENTITY = "iPhone Developer";
				CODE_SIGN_STYLE = Automatic;
				DEVELOPMENT_TEAM = A5575MU559;
				INFOPLIST_FILE = "Garage Door Opener/Info.plist";
				LD_RUNPATH_SEARCH_PATHS = (
					"$(inherited)",
					"@executable_path/Frameworks",
				);
				PRODUCT_BUNDLE_IDENTIFIER = iot.raghu.com;
				PRODUCT_NAME = "$(TARGET_NAME)";
				PROVISIONING_PROFILE_SPECIFIER = "";
				SWIFT_VERSION = 5.0;
				TARGETED_DEVICE_FAMILY = 1;
			};
			name = Release;
		};
/* End XCBuildConfiguration section */

/* Begin XCConfigurationList section */
		C5857DF022D75D68006D2662 /* Build configuration list for PBXProject "Garage Door Opener" */ = {
			isa = XCConfigurationList;
			buildConfigurations = (
				C5857E0822D75D6E006D2662 /* Debug */,
				C5857E0922D75D6E006D2662 /* Release */,
			);
			defaultConfigurationIsVisible = 0;
			defaultConfigurationName = Release;
		};
		C5857E0A22D75D6E006D2662 /* Build configuration list for PBXNativeTarget "Garage Door Opener" */ = {
			isa = XCConfigurationList;
			buildConfigurations = (
				C5857E0B22D75D6E006D2662 /* Debug */,
				C5857E0C22D75D6E006D2662 /* Release */,
			);
			defaultConfigurationIsVisible = 0;
			defaultConfigurationName = Release;
		};
/* End XCConfigurationList section */

/* Begin XCVersionGroup section */
		C5857DFF22D75D68006D2662 /* Garage_Door_Opener.xcdatamodeld */ = {
			isa = XCVersionGroup;
			children = (
				C5857E0022D75D68006D2662 /* Garage_Door_Opener.xcdatamodel */,
			);
			currentVersion = C5857E0022D75D68006D2662 /* Garage_Door_Opener.xcdatamodel */;
			path = Garage_Door_Opener.xcdatamodeld;
			sourceTree = "<group>";
			versionGroupType = wrapper.xcdatamodel;
		};
/* End XCVersionGroup section */
	};
	rootObject = C5857DED22D75D68006D2662 /* Project object */;
}
